
Microsoft Visual Studio Solution File, Format Version 12.00
# Visual Studio Version 16
VisualStudioVersion = 16.0.30330.147
MinimumVisualStudioVersion = 10.0.40219.1
Project("{FAE04EC0-301F-11D3-BF4B-00C04F79EFBC}") = "Shoppy", "Shoppy\Shoppy.csproj", "{4DF89E0F-AE24-4B2E-8BE3-F40D5866611F}"
EndProject
Global
	GlobalSection(SolutionConfigurationPlatforms) = preSolution
		Debug|Any CPU = Debug|Any CPU
		Release|Any CPU = Release|Any CPU
	EndGlobalSection
	GlobalSection(ProjectConfigurationPlatforms) = postSolution
		{4DF89E0F-AE24-4B2E-8BE3-F40D5866611F}.Debug|Any CPU.ActiveCfg = Debug|Any CPU
		{4DF89E0F-AE24-4B2E-8BE3-F40D5866611F}.Debug|Any CPU.Build.0 = Debug|Any CPU
		{4DF89E0F-AE24-4B2E-8BE3-F40D5866611F}.Release|Any CPU.ActiveCfg = Release|Any CPU
		{4DF89E0F-AE24-4B2E-8BE3-F40D5866611F}.Release|Any CPU.Build.0 = Release|Any CPU
	EndGlobalSection
	GlobalSection(SolutionProperties) = preSolution
		HideSolutionNode = FALSE
	EndGlobalSection
	GlobalSection(ExtensibilityGlobals) = postSolution
		SolutionGuid = {3FF2191B-E2AB-49F0-8D77-777E47C3F3BC}
	EndGlobalSection
EndGlobal
